
Microsoft Visual Studio Solution File, Format Version 12.00
# Visual Studio Version 17
VisualStudioVersion = 17.0.32014.148
MinimumVisualStudioVersion = 10.0.40219.1
Project("{FAE04EC0-301F-11D3-BF4B-00C04F79EFBC}") = "TahminEt2", "TahminEt2\TahminEt2.csproj", "{27B4DE37-AFD4-4F79-A225-46A0CBA6F022}"
EndProject
Global
	GlobalSection(SolutionConfigurationPlatforms) = preSolution
		Debug|Any CPU = Debug|Any CPU
		Release|Any CPU = Release|Any CPU
	EndGlobalSection
	GlobalSection(ProjectConfigurationPlatforms) = postSolution
		{27B4DE37-AFD4-4F79-A225-46A0CBA6F022}.Debug|Any CPU.ActiveCfg = Debug|Any CPU
		{27B4DE37-AFD4-4F79-A225-46A0CBA6F022}.Debug|Any CPU.Build.0 = Debug|Any CPU
		{27B4DE37-AFD4-4F79-A225-46A0CBA6F022}.Release|Any CPU.ActiveCfg = Release|Any CPU
		{27B4DE37-AFD4-4F79-A225-46A0CBA6F022}.Release|Any CPU.Build.0 = Release|Any CPU
	EndGlobalSection
	GlobalSection(SolutionProperties) = preSolution
		HideSolutionNode = FALSE
	EndGlobalSection
	GlobalSection(ExtensibilityGlobals) = postSolution
		SolutionGuid = {F91B7913-BCB0-4435-9BCA-E0A07F6EF1E7}
	EndGlobalSection
EndGlobal
